
Microsoft Visual Studio Solution File, Format Version 12.00
# Visual Studio Version 17
VisualStudioVersion = 17.8.34330.188
MinimumVisualStudioVersion = 10.0.40219.1
Project("{FAE04EC0-301F-11D3-BF4B-00C04F79EFBC}") = "PR18", "PR18\PR18.csproj", "{3C931AA5-E8EA-4D76-AB68-62C575B7DB3F}"
EndProject
Global
	GlobalSection(SolutionConfigurationPlatforms) = preSolution
		Debug|Any CPU = Debug|Any CPU
		Release|Any CPU = Release|Any CPU
	EndGlobalSection
	GlobalSection(ProjectConfigurationPlatforms) = postSolution
		{3C931AA5-E8EA-4D76-AB68-62C575B7DB3F}.Debug|Any CPU.ActiveCfg = Debug|Any CPU
		{3C931AA5-E8EA-4D76-AB68-62C575B7DB3F}.Debug|Any CPU.Build.0 = Debug|Any CPU
		{3C931AA5-E8EA-4D76-AB68-62C575B7DB3F}.Release|Any CPU.ActiveCfg = Release|Any CPU
		{3C931AA5-E8EA-4D76-AB68-62C575B7DB3F}.Release|Any CPU.Build.0 = Release|Any CPU
	EndGlobalSection
	GlobalSection(SolutionProperties) = preSolution
		HideSolutionNode = FALSE
	EndGlobalSection
	GlobalSection(ExtensibilityGlobals) = postSolution
		SolutionGuid = {80CF3C44-AFD8-4077-AC78-C7AFCA637F90}
	EndGlobalSection
EndGlobal
